{
  "name": ".kenv",
  "lockfileVersion": 3,
  "requires": true,
  "packages": {
    "": {
      "dependencies": {
        "@infisical/sdk": "^2.1.9",
        "dotenv": "^16.4.5",
        "get-app-icon": "^1.0.1",
        "voicemeeter-connector": "^1.4.0"
      },
      "devDependencies": {
        "@johnlindquist/kit": "file:../.kit"
      },
      "engines": {
        "node": "18.18.2",
        "npm": "9.8.1"
      }
    },
    "../.kit": {
      "name": "@johnlindquist/kit",
      "version": "2.1.16",
      "dev": true,
      "license": "ISC",
      "dependencies": {
        "@johnlindquist/globals": "1.15.1",
        "@johnlindquist/kit-internal": "^1.13.3",
        "@octokit/auth-oauth-device": "4.0.4",
        "@octokit/core": "4.2.0",
        "@octokit/plugin-paginate-rest": "6.0.0",
        "@octokit/plugin-rest-endpoint-methods": "7.0.1",
        "@octokit/plugin-retry": "4.1.3",
        "@octokit/plugin-throttling": "5.0.1",
        "@types/node-notifier": "8.0.3",
        "@types/shelljs": "0.8.13",
        "advanced-calculator": "1.1.1",
        "chrome-trace-event": "^1.0.3",
        "esbuild": "0.19.9",
        "file-icon": "5.1.1",
        "filesize": "10.1.0",
        "globby": "^14.0.0",
        "highlight.js": "11.9.0",
        "isomorphic-git": "1.25.1",
        "keyv": "^4.5.4",
        "keyv-file": "^0.3.0",
        "node-notifier": "10.0.1",
        "open": "9.1.0",
        "p-limit": "^5.0.0",
        "quick-score": "^0.2.0",
        "rimraf": "5.0.5",
        "safe-stable-stringify": "^2.4.3",
        "shelljs": "0.8.5",
        "slugify": "1.6.6",
        "suggestion": "2.1.2",
        "zx": "^7.2.3"
      },
      "bin": {
        "kit": "bin/kit",
        "kitblitz": "bin/kitblitz.mjs",
        "sk": "bin/sk"
      },
      "devDependencies": {
        "@types/debug": "4.1.9",
        "@types/express": "4.17.19",
        "@types/express-ws": "3.0.2",
        "@types/node": "^20.8.4",
        "@types/node-ipc": "9.2.1",
        "ava": "5.3.1",
        "cz-conventional-changelog": "^3.3.0",
        "debug": "4.3.4",
        "semantic-release": "22.0.12",
        "semantic-release-plugin-update-version-in-files": "1.1.0",
        "tsc-watch": "6.0.4",
        "typescript": "5.3.3",
        "unzipper": "0.10.14"
      },
      "engines": {
        "node": ">=14.8.0"
      }
    },
    "node_modules/@infisical/sdk": {
      "version": "2.1.9",
      "resolved": "https://registry.npmjs.org/@infisical/sdk/-/sdk-2.1.9.tgz",
      "integrity": "sha512-Ds6W4huyjiEnDisf2UJyVugTpCapjHB4RvL69hSCi/raH7NKITff1R+ifWktQJ1cx7hFAE9wi+U0vRrW+WhUMA==",
      "engines": {
        "node": ">= 10"
      },
      "optionalDependencies": {
        "@infisical/sdk-android-arm-eabi": "2.1.9",
        "@infisical/sdk-android-arm64": "2.1.9",
        "@infisical/sdk-darwin-arm64": "2.1.9",
        "@infisical/sdk-darwin-x64": "2.1.9",
        "@infisical/sdk-linux-arm-gnueabihf": "2.1.9",
        "@infisical/sdk-linux-arm64-gnu": "2.1.9",
        "@infisical/sdk-linux-arm64-musl": "2.1.9",
        "@infisical/sdk-linux-x64-gnu": "2.1.9",
        "@infisical/sdk-linux-x64-musl": "2.1.9",
        "@infisical/sdk-win32-arm64-msvc": "2.1.9",
        "@infisical/sdk-win32-ia32-msvc": "2.1.9",
        "@infisical/sdk-win32-x64-msvc": "2.1.9"
      }
    },
    "node_modules/@infisical/sdk-android-arm-eabi": {
      "version": "2.1.9",
      "resolved": "https://registry.npmjs.org/@infisical/sdk-android-arm-eabi/-/sdk-android-arm-eabi-2.1.9.tgz",
      "integrity": "sha512-tx0y9efMOmqxdw152BjAxpDcKhlURKftg20aAGUwHxgHaHtqJ1jHaZZ1B3Eo019NB+tDc/ynU1TpjIRKh28kxw==",
      "cpu": [
        "arm"
      ],
      "optional": true,
      "os": [
        "android"
      ],
      "engines": {
        "node": ">= 10"
      }
    },
    "node_modules/@infisical/sdk-android-arm64": {
      "version": "2.1.9",
      "resolved": "https://registry.npmjs.org/@infisical/sdk-android-arm64/-/sdk-android-arm64-2.1.9.tgz",
      "integrity": "sha512-kheXrht4rvEb6F7t9Xu821Pdm6ddzvB51NZjSiyIRwRDqv63HJEYr+MEd7ynIgux0JuMPQZIxmsyRZ5p/NDuFw==",
      "cpu": [
        "arm64"
      ],
      "optional": true,
      "os": [
        "android"
      ],
      "engines": {
        "node": ">= 10"
      }
    },
    "node_modules/@infisical/sdk-darwin-arm64": {
      "version": "2.1.9",
      "resolved": "https://registry.npmjs.org/@infisical/sdk-darwin-arm64/-/sdk-darwin-arm64-2.1.9.tgz",
      "integrity": "sha512-qjsg67AKZYpjqG2DzJ/OAr+9thDT0YJg49ULknoBO+yaa6fT7PFRy682yRqnbJjg7vxRObXAyWcXSYjls+D4Lw==",
      "cpu": [
        "arm64"
      ],
      "optional": true,
      "os": [
        "darwin"
      ],
      "engines": {
        "node": ">= 10"
      }
    },
    "node_modules/@infisical/sdk-darwin-x64": {
      "version": "2.1.9",
      "resolved": "https://registry.npmjs.org/@infisical/sdk-darwin-x64/-/sdk-darwin-x64-2.1.9.tgz",
      "integrity": "sha512-ErvwcR095VFIzCrXFyOCuED1jWltpX7S1et6WySdTsA811hLp6Txy/S57YNeGLJu/birVwrJdYbksVWdd+bqkQ==",
      "cpu": [
        "x64"
      ],
      "optional": true,
      "os": [
        "darwin"
      ],
      "engines": {
        "node": ">= 10"
      }
    },
    "node_modules/@infisical/sdk-linux-arm-gnueabihf": {
      "version": "2.1.9",
      "resolved": "https://registry.npmjs.org/@infisical/sdk-linux-arm-gnueabihf/-/sdk-linux-arm-gnueabihf-2.1.9.tgz",
      "integrity": "sha512-2w0EVQc1Xq7ZE6nDsMwBVkaUwTuL0DIdwWdqxVZjo8jn26jwlhSOStxtbrk/cnhtWMQysQ/xKUI+0zZ/T32T3g==",
      "cpu": [
        "arm"
      ],
      "optional": true,
      "os": [
        "linux"
      ],
      "engines": {
        "node": ">= 10"
      }
    },
    "node_modules/@infisical/sdk-linux-arm64-gnu": {
      "version": "2.1.9",
      "resolved": "https://registry.npmjs.org/@infisical/sdk-linux-arm64-gnu/-/sdk-linux-arm64-gnu-2.1.9.tgz",
      "integrity": "sha512-5DMG5CJxX/wlWDyG3+cy1UkZAYuqt1OOEWwx3GNLU656RQ47AzwDFkvyiT9lalIihPHJFDN55hhSb002ru/zPw==",
      "cpu": [
        "arm64"
      ],
      "optional": true,
      "os": [
        "linux"
      ],
      "engines": {
        "node": ">= 10"
      }
    },
    "node_modules/@infisical/sdk-linux-arm64-musl": {
      "version": "2.1.9",
      "resolved": "https://registry.npmjs.org/@infisical/sdk-linux-arm64-musl/-/sdk-linux-arm64-musl-2.1.9.tgz",
      "integrity": "sha512-61oxqGh9Ih/d7igtduKS2ZjkZ4NU7PjcNDgK8IUwP6kruTQdOEAiNyAWChDx75zvJExvztjdpeczj62SHxmsRw==",
      "cpu": [
        "arm64"
      ],
      "optional": true,
      "os": [
        "linux"
      ],
      "engines": {
        "node": ">= 10"
      }
    },
    "node_modules/@infisical/sdk-linux-x64-gnu": {
      "version": "2.1.9",
      "resolved": "https://registry.npmjs.org/@infisical/sdk-linux-x64-gnu/-/sdk-linux-x64-gnu-2.1.9.tgz",
      "integrity": "sha512-X38Z4Q+GT0QU8nbRuWl3zyBv06Rfz1aWpewopxL3jahbKGoV8DaITDIaagVhwFl6YV5mMOLzXis5XrIMBJ6tLw==",
      "cpu": [
        "x64"
      ],
      "optional": true,
      "os": [
        "linux"
      ],
      "engines": {
        "node": ">= 10"
      }
    },
    "node_modules/@infisical/sdk-linux-x64-musl": {
      "version": "2.1.9",
      "resolved": "https://registry.npmjs.org/@infisical/sdk-linux-x64-musl/-/sdk-linux-x64-musl-2.1.9.tgz",
      "integrity": "sha512-8RuL3MNSr2G/Xo79kdKHddxlprVOn4VmCbNG7K2VoY/ytUCGy8bCp5BrkdZOIr1jGm7GlD8eq1dXQkHa3Rn0og==",
      "cpu": [
        "x64"
      ],
      "optional": true,
      "os": [
        "linux"
      ],
      "engines": {
        "node": ">= 10"
      }
    },
    "node_modules/@infisical/sdk-win32-arm64-msvc": {
      "version": "2.1.9",
      "resolved": "https://registry.npmjs.org/@infisical/sdk-win32-arm64-msvc/-/sdk-win32-arm64-msvc-2.1.9.tgz",
      "integrity": "sha512-IUnFDIUFXFRUJ0B/wM32xGWu6Xz4w7GAw+75g9AYv1Ol+LtpbzoDcToh0IUFPsNpvIaOUZn1zxUUWsteWlAy3Q==",
      "cpu": [
        "arm64"
      ],
      "optional": true,
      "os": [
        "win32"
      ],
      "engines": {
        "node": ">= 10"
      }
    },
    "node_modules/@infisical/sdk-win32-ia32-msvc": {
      "version": "2.1.9",
      "resolved": "https://registry.npmjs.org/@infisical/sdk-win32-ia32-msvc/-/sdk-win32-ia32-msvc-2.1.9.tgz",
      "integrity": "sha512-pDMpuP6X3GTSjzeahvCAscA0GBEkpMic0rwY+FdAmDcAX5SKoZ1pbRvcrMpAd4HMxfyLGeISuvzZ6pdMAowG5g==",
      "cpu": [
        "ia32"
      ],
      "optional": true,
      "os": [
        "win32"
      ],
      "engines": {
        "node": ">= 10"
      }
    },
    "node_modules/@infisical/sdk-win32-x64-msvc": {
      "version": "2.1.9",
      "resolved": "https://registry.npmjs.org/@infisical/sdk-win32-x64-msvc/-/sdk-win32-x64-msvc-2.1.9.tgz",
      "integrity": "sha512-nrIfVPZPTJX85+8PZmZoA/Sk8rKpORzsYUTZ3zyqdfKAzQCpl587JXWCa5hud0ZWRw8SZuBYY06f9b75N+enyA==",
      "cpu": [
        "x64"
      ],
      "optional": true,
      "os": [
        "win32"
      ],
      "engines": {
        "node": ">= 10"
      }
    },
    "node_modules/@johnlindquist/kit": {
      "resolved": "../.kit",
      "link": true
    },
    "node_modules/@types/node": {
      "version": "12.20.55",
      "resolved": "https://registry.npmjs.org/@types/node/-/node-12.20.55.tgz",
      "integrity": "sha512-J8xLz7q2OFulZ2cyGTLE1TbbZcjpno7FaN6zdJNrgAdrJ+DZzh/uFR6YrTb4C+nXakvud8Q4+rbhoIWlYQbUFQ=="
    },
    "node_modules/array-index": {
      "version": "1.0.0",
      "resolved": "https://registry.npmjs.org/array-index/-/array-index-1.0.0.tgz",
      "integrity": "sha512-jesyNbBkLQgGZMSwA1FanaFjalb1mZUGxGeUEkSDidzgrbjBGhvizJkaItdhkt8eIHFOJC7nDsrXk+BaehTdRw==",
      "dependencies": {
        "debug": "^2.2.0",
        "es6-symbol": "^3.0.2"
      },
      "engines": {
        "node": "*"
      }
    },
    "node_modules/array-index/node_modules/debug": {
      "version": "2.6.9",
      "resolved": "https://registry.npmjs.org/debug/-/debug-2.6.9.tgz",
      "integrity": "sha512-bC7ElrdJaJnPbAP+1EotYvqZsb3ecl5wi6Bfi6BJTUcNowp6cvspg0jXznRTKDjm/E7AdgFBVeAPVMNcKGsHMA==",
      "dependencies": {
        "ms": "2.0.0"
      }
    },
    "node_modules/array-index/node_modules/ms": {
      "version": "2.0.0",
      "resolved": "https://registry.npmjs.org/ms/-/ms-2.0.0.tgz",
      "integrity": "sha512-Tpp60P6IUJDTuOq/5Z8cdskzJujfwqfOTkrwIwj7IRISpnkJnT6SyJ4PCPnGMoFjC9ddhal5KVIYtAt97ix05A=="
    },
    "node_modules/d": {
      "version": "1.0.2",
      "resolved": "https://registry.npmjs.org/d/-/d-1.0.2.tgz",
      "integrity": "sha512-MOqHvMWF9/9MX6nza0KgvFH4HpMU0EF5uUDXqX/BtxtU8NfB0QzRtJ8Oe/6SuS4kbhyzVJwjd97EA4PKrzJ8bw==",
      "dependencies": {
        "es5-ext": "^0.10.64",
        "type": "^2.7.2"
      },
      "engines": {
        "node": ">=0.12"
      }
    },
    "node_modules/debug": {
      "version": "4.3.4",
      "resolved": "https://registry.npmjs.org/debug/-/debug-4.3.4.tgz",
      "integrity": "sha512-PRWFHuSU3eDtQJPvnNY7Jcket1j0t5OuOsFzPPzsekD52Zl8qUfFIPEiswXqIvHWGVHOgX+7G/vCNNhehwxfkQ==",
      "dependencies": {
        "ms": "2.1.2"
      },
      "engines": {
        "node": ">=6.0"
      },
      "peerDependenciesMeta": {
        "supports-color": {
          "optional": true
        }
      }
    },
    "node_modules/dotenv": {
      "version": "16.4.5",
      "resolved": "https://registry.npmjs.org/dotenv/-/dotenv-16.4.5.tgz",
      "integrity": "sha512-ZmdL2rui+eB2YwhsWzjInR8LldtZHGDoQ1ugH85ppHKwpUHL7j7rN0Ti9NCnGiQbhaZ11FpR+7ao1dNsmduNUg==",
      "engines": {
        "node": ">=12"
      },
      "funding": {
        "url": "https://dotenvx.com"
      }
    },
    "node_modules/es5-ext": {
      "version": "0.10.64",
      "resolved": "https://registry.npmjs.org/es5-ext/-/es5-ext-0.10.64.tgz",
      "integrity": "sha512-p2snDhiLaXe6dahss1LddxqEm+SkuDvV8dnIQG0MWjyHpcMNfXKPE+/Cc0y+PhxJX3A4xGNeFCj5oc0BUh6deg==",
      "hasInstallScript": true,
      "dependencies": {
        "es6-iterator": "^2.0.3",
        "es6-symbol": "^3.1.3",
        "esniff": "^2.0.1",
        "next-tick": "^1.1.0"
      },
      "engines": {
        "node": ">=0.10"
      }
    },
    "node_modules/es6-iterator": {
      "version": "2.0.3",
      "resolved": "https://registry.npmjs.org/es6-iterator/-/es6-iterator-2.0.3.tgz",
      "integrity": "sha512-zw4SRzoUkd+cl+ZoE15A9o1oQd920Bb0iOJMQkQhl3jNc03YqVjAhG7scf9C5KWRU/R13Orf588uCC6525o02g==",
      "dependencies": {
        "d": "1",
        "es5-ext": "^0.10.35",
        "es6-symbol": "^3.1.1"
      }
    },
    "node_modules/es6-symbol": {
      "version": "3.1.4",
      "resolved": "https://registry.npmjs.org/es6-symbol/-/es6-symbol-3.1.4.tgz",
      "integrity": "sha512-U9bFFjX8tFiATgtkJ1zg25+KviIXpgRvRHS8sau3GfhVzThRQrOeksPeT0BWW2MNZs1OEWJ1DPXOQMn0KKRkvg==",
      "dependencies": {
        "d": "^1.0.2",
        "ext": "^1.7.0"
      },
      "engines": {
        "node": ">=0.12"
      }
    },
    "node_modules/esniff": {
      "version": "2.0.1",
      "resolved": "https://registry.npmjs.org/esniff/-/esniff-2.0.1.tgz",
      "integrity": "sha512-kTUIGKQ/mDPFoJ0oVfcmyJn4iBDRptjNVIzwIFR7tqWXdVI9xfA2RMwY/gbSpJG3lkdWNEjLap/NqVHZiJsdfg==",
      "dependencies": {
        "d": "^1.0.1",
        "es5-ext": "^0.10.62",
        "event-emitter": "^0.3.5",
        "type": "^2.7.2"
      },
      "engines": {
        "node": ">=0.10"
      }
    },
    "node_modules/event-emitter": {
      "version": "0.3.5",
      "resolved": "https://registry.npmjs.org/event-emitter/-/event-emitter-0.3.5.tgz",
      "integrity": "sha512-D9rRn9y7kLPnJ+hMq7S/nhvoKwwvVJahBi2BPmx3bvbsEdK3W9ii8cBSGjP+72/LnM4n6fo3+dkCX5FeTQruXA==",
      "dependencies": {
        "d": "1",
        "es5-ext": "~0.10.14"
      }
    },
    "node_modules/ext": {
      "version": "1.7.0",
      "resolved": "https://registry.npmjs.org/ext/-/ext-1.7.0.tgz",
      "integrity": "sha512-6hxeJYaL110a9b5TEJSj0gojyHQAmA2ch5Os+ySCiA1QGdS697XWY1pzsrSjqA9LDEEgdB/KypIlR59RcLuHYw==",
      "dependencies": {
        "type": "^2.7.2"
      }
    },
    "node_modules/ffi-napi": {
      "version": "4.0.3",
      "resolved": "https://registry.npmjs.org/ffi-napi/-/ffi-napi-4.0.3.tgz",
      "integrity": "sha512-PMdLCIvDY9mS32RxZ0XGb95sonPRal8aqRhLbeEtWKZTe2A87qRFG9HjOhvG8EX2UmQw5XNRMIOT+1MYlWmdeg==",
      "hasInstallScript": true,
      "dependencies": {
        "debug": "^4.1.1",
        "get-uv-event-loop-napi-h": "^1.0.5",
        "node-addon-api": "^3.0.0",
        "node-gyp-build": "^4.2.1",
        "ref-napi": "^2.0.1 || ^3.0.2",
        "ref-struct-di": "^1.1.0"
      },
      "engines": {
        "node": ">=10"
      }
    },
    "node_modules/file-icon": {
      "version": "3.1.0",
      "resolved": "https://registry.npmjs.org/file-icon/-/file-icon-3.1.0.tgz",
      "integrity": "sha512-1+EdWiwE4S7Wa/SCEcEC+StMcT/OEVdw0RbGmD5ZmlsUL9Kqf6SyXzSbhxa9p2isIfORtCh3/lEflGdbMNX8fA==",
      "engines": {
        "node": ">=8"
      }
    },
    "node_modules/get-app-icon": {
      "version": "1.0.1",
      "resolved": "https://registry.npmjs.org/get-app-icon/-/get-app-icon-1.0.1.tgz",
      "integrity": "sha512-rso89GSCnw7T5/Z6VDoG8hlD9Pqsag0xOdR85W23TMMca8MO9ULTqr/khQQPiyQ9WoIDAlBOtA2bm5ij/FBI/A==",
      "dependencies": {
        "@types/node": "^12.12.7",
        "file-icon": "^3.1.0",
        "icon-extractor": "^1.0.3",
        "typescript": "^3.7.2"
      }
    },
    "node_modules/get-symbol-from-current-process-h": {
      "version": "1.0.2",
      "resolved": "https://registry.npmjs.org/get-symbol-from-current-process-h/-/get-symbol-from-current-process-h-1.0.2.tgz",
      "integrity": "sha512-syloC6fsCt62ELLrr1VKBM1ggOpMdetX9hTrdW77UQdcApPHLmf7CI7OKcN1c9kYuNxKcDe4iJ4FY9sX3aw2xw=="
    },
    "node_modules/get-uv-event-loop-napi-h": {
      "version": "1.0.6",
      "resolved": "https://registry.npmjs.org/get-uv-event-loop-napi-h/-/get-uv-event-loop-napi-h-1.0.6.tgz",
      "integrity": "sha512-t5c9VNR84nRoF+eLiz6wFrEp1SE2Acg0wS+Ysa2zF0eROes+LzOfuTaVHxGy8AbS8rq7FHEJzjnCZo1BupwdJg==",
      "dependencies": {
        "get-symbol-from-current-process-h": "^1.0.1"
      }
    },
    "node_modules/icon-extractor": {
      "version": "1.0.3",
      "resolved": "https://registry.npmjs.org/icon-extractor/-/icon-extractor-1.0.3.tgz",
      "integrity": "sha512-xnUC6cCyJSOecwCws+IKz3e0aB1xrh17NCNI9vgcHqTEq5FmPMHhLwAO4BXL+lNPLccs1PSnO3qtfQ5KRWfpqQ==",
      "dependencies": {
        "lodash": "^3.10.1"
      }
    },
    "node_modules/lodash": {
      "version": "3.10.1",
      "resolved": "https://registry.npmjs.org/lodash/-/lodash-3.10.1.tgz",
      "integrity": "sha512-9mDDwqVIma6OZX79ZlDACZl8sBm0TEnkf99zV3iMA4GzkIT/9hiqP5mY0HoT1iNLCrKc/R1HByV+yJfRWVJryQ=="
    },
    "node_modules/ms": {
      "version": "2.1.2",
      "resolved": "https://registry.npmjs.org/ms/-/ms-2.1.2.tgz",
      "integrity": "sha512-sGkPx+VjMtmA6MX27oA4FBFELFCZZ4S4XqeGOXCv68tT+jb3vk/RyaKWP0PTKyWtmLSM0b+adUTEvbs1PEaH2w=="
    },
    "node_modules/next-tick": {
      "version": "1.1.0",
      "resolved": "https://registry.npmjs.org/next-tick/-/next-tick-1.1.0.tgz",
      "integrity": "sha512-CXdUiJembsNjuToQvxayPZF9Vqht7hewsvy2sOWafLvi2awflj9mOC6bHIg50orX8IJvWKY9wYQ/zB2kogPslQ=="
    },
    "node_modules/node-addon-api": {
      "version": "3.2.1",
      "resolved": "https://registry.npmjs.org/node-addon-api/-/node-addon-api-3.2.1.tgz",
      "integrity": "sha512-mmcei9JghVNDYydghQmeDX8KoAm0FAiYyIcUt/N4nhyAipB17pllZQDOJD2fotxABnt4Mdz+dKTO7eftLg4d0A=="
    },
    "node_modules/node-gyp-build": {
      "version": "4.8.0",
      "resolved": "https://registry.npmjs.org/node-gyp-build/-/node-gyp-build-4.8.0.tgz",
      "integrity": "sha512-u6fs2AEUljNho3EYTJNBfImO5QTo/J/1Etd+NVdCj7qWKUSN/bSLkZwhDv7I+w/MSC6qJ4cknepkAYykDdK8og==",
      "bin": {
        "node-gyp-build": "bin.js",
        "node-gyp-build-optional": "optional.js",
        "node-gyp-build-test": "build-test.js"
      }
    },
    "node_modules/ref-array-napi": {
      "version": "1.2.2",
      "resolved": "https://registry.npmjs.org/ref-array-napi/-/ref-array-napi-1.2.2.tgz",
      "integrity": "sha512-EGQzUQpyqD/hN9eIn3uF68UPBmwJXdWkumHCmvK3ncjw128bkjd8TbJ51ur+2PZ4UrfCOQCcPQkuWZ6mNHch9A==",
      "dependencies": {
        "array-index": "1",
        "debug": "2",
        "ref-napi": "^3.0.1"
      }
    },
    "node_modules/ref-array-napi/node_modules/debug": {
      "version": "2.6.9",
      "resolved": "https://registry.npmjs.org/debug/-/debug-2.6.9.tgz",
      "integrity": "sha512-bC7ElrdJaJnPbAP+1EotYvqZsb3ecl5wi6Bfi6BJTUcNowp6cvspg0jXznRTKDjm/E7AdgFBVeAPVMNcKGsHMA==",
      "dependencies": {
        "ms": "2.0.0"
      }
    },
    "node_modules/ref-array-napi/node_modules/ms": {
      "version": "2.0.0",
      "resolved": "https://registry.npmjs.org/ms/-/ms-2.0.0.tgz",
      "integrity": "sha512-Tpp60P6IUJDTuOq/5Z8cdskzJujfwqfOTkrwIwj7IRISpnkJnT6SyJ4PCPnGMoFjC9ddhal5KVIYtAt97ix05A=="
    },
    "node_modules/ref-napi": {
      "version": "3.0.3",
      "resolved": "https://registry.npmjs.org/ref-napi/-/ref-napi-3.0.3.tgz",
      "integrity": "sha512-LiMq/XDGcgodTYOMppikEtJelWsKQERbLQsYm0IOOnzhwE9xYZC7x8txNnFC9wJNOkPferQI4vD4ZkC0mDyrOA==",
      "hasInstallScript": true,
      "dependencies": {
        "debug": "^4.1.1",
        "get-symbol-from-current-process-h": "^1.0.2",
        "node-addon-api": "^3.0.0",
        "node-gyp-build": "^4.2.1"
      },
      "engines": {
        "node": ">= 10.0"
      }
    },
    "node_modules/ref-struct-di": {
      "version": "1.1.1",
      "resolved": "https://registry.npmjs.org/ref-struct-di/-/ref-struct-di-1.1.1.tgz",
      "integrity": "sha512-2Xyn/0Qgz89VT+++WP0sTosdm9oeowLP23wRJYhG4BFdMUrLj3jhwHZNEytYNYgtPKLNTP3KJX4HEgBvM1/Y2g==",
      "dependencies": {
        "debug": "^3.1.0"
      }
    },
    "node_modules/ref-struct-di/node_modules/debug": {
      "version": "3.2.7",
      "resolved": "https://registry.npmjs.org/debug/-/debug-3.2.7.tgz",
      "integrity": "sha512-CFjzYYAi4ThfiQvizrFQevTTXHtnCqWfe7x1AhgEscTz6ZbLbfoLRLPugTQyBth6f8ZERVUSyWHFD/7Wu4t1XQ==",
      "dependencies": {
        "ms": "^2.1.1"
      }
    },
    "node_modules/type": {
      "version": "2.7.2",
      "resolved": "https://registry.npmjs.org/type/-/type-2.7.2.tgz",
      "integrity": "sha512-dzlvlNlt6AXU7EBSfpAscydQ7gXB+pPGsPnfJnZpiNJBDj7IaJzQlBZYGdEi4R9HmPdBv2XmWJ6YUtoTa7lmCw=="
    },
    "node_modules/typescript": {
      "version": "3.9.10",
      "resolved": "https://registry.npmjs.org/typescript/-/typescript-3.9.10.tgz",
      "integrity": "sha512-w6fIxVE/H1PkLKcCPsFqKE7Kv7QUwhU8qQY2MueZXWx5cPZdwFupLgKK3vntcK98BtNHZtAF4LA/yl2a7k8R6Q==",
      "bin": {
        "tsc": "bin/tsc",
        "tsserver": "bin/tsserver"
      },
      "engines": {
        "node": ">=4.2.0"
      }
    },
    "node_modules/voicemeeter-connector": {
      "version": "1.4.0",
      "resolved": "https://registry.npmjs.org/voicemeeter-connector/-/voicemeeter-connector-1.4.0.tgz",
      "integrity": "sha512-lCJfbr320DO3Pu7ln+GuHK6imkzIGJzvXq0LKUcQkg4aJtx0CwD9OCNK30EmNU5bdrc3V3XgnxNvZeNJkHUfvg==",
      "dependencies": {
        "ffi-napi": "4.0.3",
        "ref-array-napi": "1.2.2",
        "winreg": "1.2.4"
      }
    },
    "node_modules/winreg": {
      "version": "1.2.4",
      "resolved": "https://registry.npmjs.org/winreg/-/winreg-1.2.4.tgz",
      "integrity": "sha512-IHpzORub7kYlb8A43Iig3reOvlcBJGX9gZ0WycHhghHtA65X0LYnMRuJs+aH1abVnMJztQkvQNlltnbPi5aGIA=="
    }
  }
}
